
Microsoft Visual Studio Solution File, Format Version 12.00
# Visual Studio Version 16
VisualStudioVersion = 16.0.33920.266
MinimumVisualStudioVersion = 10.0.40219.1
Project("{8BC9CEB8-8B4A-11D0-8D11-00A0C91BC942}") = "Client32", "Client32\Client32.vcxproj", "{4B201F94-217A-493B-AA44-382BFBA6726A}"
EndProject
Project("{8BC9CEB8-8B4A-11D0-8D11-00A0C91BC942}") = "XKey", "XKey\XKey.vcxproj", "{09ACF514-9863-4F0B-AE53-D94DA315B42E}"
EndProject
Project("{8BC9CEB8-8B4A-11D0-8D11-00A0C91BC942}") = "Loader", "Loader\Loader.vcxproj", "{2361B848-CEF7-49C6-A74E-5F39CFD874F0}"
EndProject
Project("{8BC9CEB8-8B4A-11D0-8D11-00A0C91BC942}") = "Reader", "Reader\Reader.vcxproj", "{9BDA27DE-121F-4580-BF64-CB0A6E3F211F}"
EndProject
Project("{8BC9CEB8-8B4A-11D0-8D11-00A0C91BC942}") = "Decryptor", "Decryptor\Decryptor.vcxproj", "{D6F3AD12-C0F2-486B-B034-51F9D4A797AA}"
EndProject
Global
	GlobalSection(SolutionConfigurationPlatforms) = preSolution
		Debug|x64 = Debug|x64
		Debug|x86 = Debug|x86
		Release|x64 = Release|x64
		Release|x86 = Release|x86
	EndGlobalSection
	GlobalSection(ProjectConfigurationPlatforms) = postSolution
		{4B201F94-217A-493B-AA44-382BFBA6726A}.Debug|x64.ActiveCfg = Debug|x64
		{4B201F94-217A-493B-AA44-382BFBA6726A}.Debug|x64.Build.0 = Debug|x64
		{4B201F94-217A-493B-AA44-382BFBA6726A}.Debug|x86.ActiveCfg = Debug|Win32
		{4B201F94-217A-493B-AA44-382BFBA6726A}.Debug|x86.Build.0 = Debug|Win32
		{4B201F94-217A-493B-AA44-382BFBA6726A}.Release|x64.ActiveCfg = Release|x64
		{4B201F94-217A-493B-AA44-382BFBA6726A}.Release|x64.Build.0 = Release|x64
		{4B201F94-217A-493B-AA44-382BFBA6726A}.Release|x86.ActiveCfg = Release|Win32
		{4B201F94-217A-493B-AA44-382BFBA6726A}.Release|x86.Build.0 = Release|Win32
		{09ACF514-9863-4F0B-AE53-D94DA315B42E}.Debug|x64.ActiveCfg = Debug|x64
		{09ACF514-9863-4F0B-AE53-D94DA315B42E}.Debug|x64.Build.0 = Debug|x64
		{09ACF514-9863-4F0B-AE53-D94DA315B42E}.Debug|x86.ActiveCfg = Debug|Win32
		{09ACF514-9863-4F0B-AE53-D94DA315B42E}.Debug|x86.Build.0 = Debug|Win32
		{09ACF514-9863-4F0B-AE53-D94DA315B42E}.Release|x64.ActiveCfg = Release|x64
		{09ACF514-9863-4F0B-AE53-D94DA315B42E}.Release|x64.Build.0 = Release|x64
		{09ACF514-9863-4F0B-AE53-D94DA315B42E}.Release|x86.ActiveCfg = Release|Win32
		{09ACF514-9863-4F0B-AE53-D94DA315B42E}.Release|x86.Build.0 = Release|Win32
		{2361B848-CEF7-49C6-A74E-5F39CFD874F0}.Debug|x64.ActiveCfg = Debug|x64
		{2361B848-CEF7-49C6-A74E-5F39CFD874F0}.Debug|x64.Build.0 = Debug|x64
		{2361B848-CEF7-49C6-A74E-5F39CFD874F0}.Debug|x86.ActiveCfg = Debug|Win32
		{2361B848-CEF7-49C6-A74E-5F39CFD874F0}.Debug|x86.Build.0 = Debug|Win32
		{2361B848-CEF7-49C6-A74E-5F39CFD874F0}.Release|x64.ActiveCfg = Release|x64
		{2361B848-CEF7-49C6-A74E-5F39CFD874F0}.Release|x64.Build.0 = Release|x64
		{2361B848-CEF7-49C6-A74E-5F39CFD874F0}.Release|x86.ActiveCfg = Release|Win32
		{2361B848-CEF7-49C6-A74E-5F39CFD874F0}.Release|x86.Build.0 = Release|Win32
		{9BDA27DE-121F-4580-BF64-CB0A6E3F211F}.Debug|x64.ActiveCfg = Debug|x64
		{9BDA27DE-121F-4580-BF64-CB0A6E3F211F}.Debug|x64.Build.0 = Debug|x64
		{9BDA27DE-121F-4580-BF64-CB0A6E3F211F}.Debug|x86.ActiveCfg = Debug|Win32
		{9BDA27DE-121F-4580-BF64-CB0A6E3F211F}.Debug|x86.Build.0 = Debug|Win32
		{9BDA27DE-121F-4580-BF64-CB0A6E3F211F}.Release|x64.ActiveCfg = Release|x64
		{9BDA27DE-121F-4580-BF64-CB0A6E3F211F}.Release|x64.Build.0 = Release|x64
		{9BDA27DE-121F-4580-BF64-CB0A6E3F211F}.Release|x86.ActiveCfg = Release|Win32
		{9BDA27DE-121F-4580-BF64-CB0A6E3F211F}.Release|x86.Build.0 = Release|Win32
		{D6F3AD12-C0F2-486B-B034-51F9D4A797AA}.Debug|x64.ActiveCfg = Debug|x64
		{D6F3AD12-C0F2-486B-B034-51F9D4A797AA}.Debug|x64.Build.0 = Debug|x64
		{D6F3AD12-C0F2-486B-B034-51F9D4A797AA}.Debug|x86.ActiveCfg = Debug|Win32
		{D6F3AD12-C0F2-486B-B034-51F9D4A797AA}.Debug|x86.Build.0 = Debug|Win32
		{D6F3AD12-C0F2-486B-B034-51F9D4A797AA}.Release|x64.ActiveCfg = Release|x64
		{D6F3AD12-C0F2-486B-B034-51F9D4A797AA}.Release|x64.Build.0 = Release|x64
		{D6F3AD12-C0F2-486B-B034-51F9D4A797AA}.Release|x86.ActiveCfg = Release|Win32
		{D6F3AD12-C0F2-486B-B034-51F9D4A797AA}.Release|x86.Build.0 = Release|Win32
	EndGlobalSection
	GlobalSection(SolutionProperties) = preSolution
		HideSolutionNode = FALSE
	EndGlobalSection
	GlobalSection(ExtensibilityGlobals) = postSolution
		SolutionGuid = {5AF308B0-B603-4B03-B73F-CD8C5BA84687}
	EndGlobalSection
EndGlobal
